
Microsoft Visual Studio Solution File, Format Version 12.00
# Visual Studio 15
VisualStudioVersion = 15.0.26124.0
MinimumVisualStudioVersion = 15.0.26124.0
Project("{9A19103F-16F7-4668-BE54-9A1E7A4F7556}") = "Replify.Net.ConsoleTest", "Replify.Net.ConsoleTest\Replify.Net.ConsoleTest.csproj", "{763D91C4-E5EE-4DDC-AA22-476E1F2C4EB3}"
EndProject
Project("{9A19103F-16F7-4668-BE54-9A1E7A4F7556}") = "Replify.Net", "Replify.Net\Replify.Net.csproj", "{2D37587C-3C6A-4F98-9AB6-258D1EA9510F}"
EndProject
Global
	GlobalSection(SolutionConfigurationPlatforms) = preSolution
		Debug|Any CPU = Debug|Any CPU
		Release|Any CPU = Release|Any CPU
	EndGlobalSection
	GlobalSection(ProjectConfigurationPlatforms) = postSolution
		{763D91C4-E5EE-4DDC-AA22-476E1F2C4EB3}.Debug|Any CPU.ActiveCfg = Debug|Any CPU
		{763D91C4-E5EE-4DDC-AA22-476E1F2C4EB3}.Debug|Any CPU.Build.0 = Debug|Any CPU
		{763D91C4-E5EE-4DDC-AA22-476E1F2C4EB3}.Release|Any CPU.ActiveCfg = Release|Any CPU
		{763D91C4-E5EE-4DDC-AA22-476E1F2C4EB3}.Release|Any CPU.Build.0 = Release|Any CPU
		{2D37587C-3C6A-4F98-9AB6-258D1EA9510F}.Debug|Any CPU.ActiveCfg = Debug|Any CPU
		{2D37587C-3C6A-4F98-9AB6-258D1EA9510F}.Debug|Any CPU.Build.0 = Debug|Any CPU
		{2D37587C-3C6A-4F98-9AB6-258D1EA9510F}.Release|Any CPU.ActiveCfg = Release|Any CPU
		{2D37587C-3C6A-4F98-9AB6-258D1EA9510F}.Release|Any CPU.Build.0 = Release|Any CPU
	EndGlobalSection
	GlobalSection(SolutionProperties) = preSolution
		HideSolutionNode = FALSE
	EndGlobalSection
	GlobalSection(ExtensibilityGlobals) = postSolution
		SolutionGuid = {C03271ED-56ED-4BA2-924B-66CE64060682}
	EndGlobalSection
EndGlobal
